
Microsoft Visual Studio Solution File, Format Version 12.00
# Visual Studio Version 16
VisualStudioVersion = 16.0.29306.81
MinimumVisualStudioVersion = 10.0.40219.1
Project("{8BC9CEB8-8B4A-11D0-8D11-00A0C91BC942}") = "DynamicArray", "DynamicArray\DynamicArray.vcxproj", "{BC7CB720-71E2-4903-821A-2923BC0DF347}"
EndProject
Global
	GlobalSection(SolutionConfigurationPlatforms) = preSolution
		Debug|x64 = Debug|x64
		Debug|x86 = Debug|x86
		Release|x64 = Release|x64
		Release|x86 = Release|x86
	EndGlobalSection
	GlobalSection(ProjectConfigurationPlatforms) = postSolution
		{BC7CB720-71E2-4903-821A-2923BC0DF347}.Debug|x64.ActiveCfg = Debug|x64
		{BC7CB720-71E2-4903-821A-2923BC0DF347}.Debug|x64.Build.0 = Debug|x64
		{BC7CB720-71E2-4903-821A-2923BC0DF347}.Debug|x86.ActiveCfg = Debug|Win32
		{BC7CB720-71E2-4903-821A-2923BC0DF347}.Debug|x86.Build.0 = Debug|Win32
		{BC7CB720-71E2-4903-821A-2923BC0DF347}.Release|x64.ActiveCfg = Release|x64
		{BC7CB720-71E2-4903-821A-2923BC0DF347}.Release|x64.Build.0 = Release|x64
		{BC7CB720-71E2-4903-821A-2923BC0DF347}.Release|x86.ActiveCfg = Release|Win32
		{BC7CB720-71E2-4903-821A-2923BC0DF347}.Release|x86.Build.0 = Release|Win32
	EndGlobalSection
	GlobalSection(SolutionProperties) = preSolution
		HideSolutionNode = FALSE
	EndGlobalSection
	GlobalSection(ExtensibilityGlobals) = postSolution
		SolutionGuid = {E827BAA6-9C28-4EFB-8AAD-2AD4D6157EAE}
	EndGlobalSection
EndGlobal
